
Microsoft Visual Studio Solution File, Format Version 12.00
# Visual Studio Version 17
VisualStudioVersion = 17.10.35027.167
MinimumVisualStudioVersion = 10.0.40219.1
Project("{FAE04EC0-301F-11D3-BF4B-00C04F79EFBC}") = "DesignPatterns", "Design Pattern\DesignPatterns.csproj", "{A7124243-1E54-4AF3-A31F-0D75C2A3964C}"
EndProject
Project("{FAE04EC0-301F-11D3-BF4B-00C04F79EFBC}") = "Patterns", "Patterns\Patterns.csproj", "{4B37CB67-5963-4C9A-84B1-4A4A26FDCC13}"
EndProject
Global
	GlobalSection(SolutionConfigurationPlatforms) = preSolution
		Debug|Any CPU = Debug|Any CPU
		Release|Any CPU = Release|Any CPU
	EndGlobalSection
	GlobalSection(ProjectConfigurationPlatforms) = postSolution
		{A7124243-1E54-4AF3-A31F-0D75C2A3964C}.Debug|Any CPU.ActiveCfg = Debug|Any CPU
		{A7124243-1E54-4AF3-A31F-0D75C2A3964C}.Debug|Any CPU.Build.0 = Debug|Any CPU
		{A7124243-1E54-4AF3-A31F-0D75C2A3964C}.Release|Any CPU.ActiveCfg = Release|Any CPU
		{A7124243-1E54-4AF3-A31F-0D75C2A3964C}.Release|Any CPU.Build.0 = Release|Any CPU
		{4B37CB67-5963-4C9A-84B1-4A4A26FDCC13}.Debug|Any CPU.ActiveCfg = Debug|Any CPU
		{4B37CB67-5963-4C9A-84B1-4A4A26FDCC13}.Debug|Any CPU.Build.0 = Debug|Any CPU
		{4B37CB67-5963-4C9A-84B1-4A4A26FDCC13}.Release|Any CPU.ActiveCfg = Release|Any CPU
		{4B37CB67-5963-4C9A-84B1-4A4A26FDCC13}.Release|Any CPU.Build.0 = Release|Any CPU
	EndGlobalSection
	GlobalSection(SolutionProperties) = preSolution
		HideSolutionNode = FALSE
	EndGlobalSection
	GlobalSection(ExtensibilityGlobals) = postSolution
		SolutionGuid = {F24D6275-00D2-4F7F-9BB4-DC69DD6E0D15}
	EndGlobalSection
EndGlobal
